
Microsoft Visual Studio Solution File, Format Version 12.00
# Visual Studio 15
VisualStudioVersion = 15.0.28010.2046
MinimumVisualStudioVersion = 10.0.40219.1
Project("{FAE04EC0-301F-11D3-BF4B-00C04F79EFBC}") = "CityPowerCompany", "WindowsFormsApp1\CityPowerCompany.csproj", "{B8AF91AC-36A4-4DFF-91DE-017D35BB1EB7}"
EndProject
Project("{FAE04EC0-301F-11D3-BF4B-00C04F79EFBC}") = "CustomerData", "CustomerData\CustomerData.csproj", "{5292D04B-F84F-4A8D-857E-274A64BF921B}"
EndProject
Project("{FAE04EC0-301F-11D3-BF4B-00C04F79EFBC}") = "UnitTestProject1", "UnitTestProject1\UnitTestProject1.csproj", "{14A7572B-F92C-4901-B25B-3F72CEB6092A}"
EndProject
Global
	GlobalSection(SolutionConfigurationPlatforms) = preSolution
		Debug|Any CPU = Debug|Any CPU
		Release|Any CPU = Release|Any CPU
	EndGlobalSection
	GlobalSection(ProjectConfigurationPlatforms) = postSolution
		{B8AF91AC-36A4-4DFF-91DE-017D35BB1EB7}.Debug|Any CPU.ActiveCfg = Debug|Any CPU
		{B8AF91AC-36A4-4DFF-91DE-017D35BB1EB7}.Debug|Any CPU.Build.0 = Debug|Any CPU
		{B8AF91AC-36A4-4DFF-91DE-017D35BB1EB7}.Release|Any CPU.ActiveCfg = Release|Any CPU
		{B8AF91AC-36A4-4DFF-91DE-017D35BB1EB7}.Release|Any CPU.Build.0 = Release|Any CPU
		{5292D04B-F84F-4A8D-857E-274A64BF921B}.Debug|Any CPU.ActiveCfg = Debug|Any CPU
		{5292D04B-F84F-4A8D-857E-274A64BF921B}.Debug|Any CPU.Build.0 = Debug|Any CPU
		{5292D04B-F84F-4A8D-857E-274A64BF921B}.Release|Any CPU.ActiveCfg = Release|Any CPU
		{5292D04B-F84F-4A8D-857E-274A64BF921B}.Release|Any CPU.Build.0 = Release|Any CPU
		{14A7572B-F92C-4901-B25B-3F72CEB6092A}.Debug|Any CPU.ActiveCfg = Debug|Any CPU
		{14A7572B-F92C-4901-B25B-3F72CEB6092A}.Debug|Any CPU.Build.0 = Debug|Any CPU
		{14A7572B-F92C-4901-B25B-3F72CEB6092A}.Release|Any CPU.ActiveCfg = Release|Any CPU
		{14A7572B-F92C-4901-B25B-3F72CEB6092A}.Release|Any CPU.Build.0 = Release|Any CPU
	EndGlobalSection
	GlobalSection(SolutionProperties) = preSolution
		HideSolutionNode = FALSE
	EndGlobalSection
	GlobalSection(ExtensibilityGlobals) = postSolution
		SolutionGuid = {7D440F79-9FE7-4EAB-ACB0-13846CBC3893}
	EndGlobalSection
EndGlobal
